PATH
  remote: .
  specs:
    net-ssh (4.0.0.rc1)

GEM
  remote: https://rubygems.org/
  specs:
    ast (2.2.0)
    metaclass (0.0.4)
    minitest (5.8.4)
    mocha (1.1.0)
      metaclass (~> 0.0.1)
    parser (2.3.1.0)
      ast (~> 2.2)
    powerpack (0.1.1)
    rainbow (2.1.0)
    rake (11.1.2)
    rubocop (0.39.0)
      parser (>= 2.3.0.7, < 3.0)
      powerpack (~> 0.1)
      rainbow (>= 1.99.1, < 3.0)
      ruby-progressbar (~> 1.7)
      unicode-display_width (~> 1.0, >= 1.0.1)
    ruby-progressbar (1.8.0)
    unicode-display_width (1.0.5)

PLATFORMS
  ruby
  x86-mingw32

DEPENDENCIES
  bundler (~> 1.11)
  minitest (~> 5.0)
  mocha (>= 1.1.0)
  net-ssh!
  rake (~> 11.1)
  rubocop (~> 0.39.0)

BUNDLED WITH
   1.13.6
